
Microsoft Visual Studio Solution File, Format Version 12.00
# Visual Studio Version 17
VisualStudioVersion = 17.1.32414.318
MinimumVisualStudioVersion = 10.0.40219.1
Project("{FAE04EC0-301F-11D3-BF4B-00C04F79EFBC}") = "SAE101", "SAE101\SAE101.csproj", "{579F42D9-5458-4FF9-9741-95093B8F381C}"
EndProject
Global
	GlobalSection(SolutionConfigurationPlatforms) = preSolution
		Debug|Any CPU = Debug|Any CPU
		Release|Any CPU = Release|Any CPU
	EndGlobalSection
	GlobalSection(ProjectConfigurationPlatforms) = postSolution
		{579F42D9-5458-4FF9-9741-95093B8F381C}.Debug|Any CPU.ActiveCfg = Debug|Any CPU
		{579F42D9-5458-4FF9-9741-95093B8F381C}.Debug|Any CPU.Build.0 = Debug|Any CPU
		{579F42D9-5458-4FF9-9741-95093B8F381C}.Release|Any CPU.ActiveCfg = Release|Any CPU
		{579F42D9-5458-4FF9-9741-95093B8F381C}.Release|Any CPU.Build.0 = Release|Any CPU
	EndGlobalSection
	GlobalSection(SolutionProperties) = preSolution
		HideSolutionNode = FALSE
	EndGlobalSection
	GlobalSection(ExtensibilityGlobals) = postSolution
		SolutionGuid = {4C2288F1-1EA2-4129-9313-6E25C77BC074}
	EndGlobalSection
EndGlobal
