
Microsoft Visual Studio Solution File, Format Version 12.00
# Visual Studio Version 17
VisualStudioVersion = 17.1.32414.318
MinimumVisualStudioVersion = 10.0.40219.1
Project("{FAE04EC0-301F-11D3-BF4B-00C04F79EFBC}") = "MarsInvader", "MarsInvader\MarsInvader.csproj", "{6A5FF12B-2AA4-4CEF-A033-CDB3BA044E96}"
EndProject
Global
	GlobalSection(SolutionConfigurationPlatforms) = preSolution
		Debug|Any CPU = Debug|Any CPU
		Release|Any CPU = Release|Any CPU
	EndGlobalSection
	GlobalSection(ProjectConfigurationPlatforms) = postSolution
		{6A5FF12B-2AA4-4CEF-A033-CDB3BA044E96}.Debug|Any CPU.ActiveCfg = Debug|Any CPU
		{6A5FF12B-2AA4-4CEF-A033-CDB3BA044E96}.Debug|Any CPU.Build.0 = Debug|Any CPU
		{6A5FF12B-2AA4-4CEF-A033-CDB3BA044E96}.Release|Any CPU.ActiveCfg = Release|Any CPU
		{6A5FF12B-2AA4-4CEF-A033-CDB3BA044E96}.Release|Any CPU.Build.0 = Release|Any CPU
	EndGlobalSection
	GlobalSection(SolutionProperties) = preSolution
		HideSolutionNode = FALSE
	EndGlobalSection
	GlobalSection(ExtensibilityGlobals) = postSolution
		SolutionGuid = {D8327A4D-60AB-462B-8616-DC618E8C9D6F}
	EndGlobalSection
EndGlobal
